
Microsoft Visual Studio Solution File, Format Version 12.00
# Visual Studio 15
VisualStudioVersion = 15.0.28307.329
MinimumVisualStudioVersion = 10.0.40219.1
Project("{FAE04EC0-301F-11D3-BF4B-00C04F79EFBC}") = "api", "api\api.csproj", "{D6A5A048-1813-4906-8B6B-9A2F1E84FDC9}"
EndProject
Global
	GlobalSection(SolutionConfigurationPlatforms) = preSolution
		Debug|Any CPU = Debug|Any CPU
		Release|Any CPU = Release|Any CPU
	EndGlobalSection
	GlobalSection(ProjectConfigurationPlatforms) = postSolution
		{D6A5A048-1813-4906-8B6B-9A2F1E84FDC9}.Debug|Any CPU.ActiveCfg = Debug|Any CPU
		{D6A5A048-1813-4906-8B6B-9A2F1E84FDC9}.Debug|Any CPU.Build.0 = Debug|Any CPU
		{D6A5A048-1813-4906-8B6B-9A2F1E84FDC9}.Release|Any CPU.ActiveCfg = Release|Any CPU
		{D6A5A048-1813-4906-8B6B-9A2F1E84FDC9}.Release|Any CPU.Build.0 = Release|Any CPU
	EndGlobalSection
	GlobalSection(SolutionProperties) = preSolution
		HideSolutionNode = FALSE
	EndGlobalSection
	GlobalSection(ExtensibilityGlobals) = postSolution
		SolutionGuid = {44F49FC7-643C-459C-AA82-22F927D04D85}
	EndGlobalSection
EndGlobal
